{
  "name": "explore-gojs",
  "version": "1.0.0",
  "lockfileVersion": 1,
  "requires": true,
  "dependencies": {
    "gojs": {
      "version": "1.8.31",
      "resolved": "https://registry.npmjs.org/gojs/-/gojs-1.8.31.tgz",
      "integrity": "sha512-Q52WwFBaMBRm8N01WOrxrClYtCfP2XOu3Zc8hhTXLOvm+Do4nI7WLU2Yr4iqiquraBGHQhyjPTSKCJ1w6Qtjzw=="
    }
  }
}
